
Microsoft Visual Studio Solution File, Format Version 12.00
# Visual Studio Version 17
VisualStudioVersion = 17.0.32014.148
MinimumVisualStudioVersion = 10.0.40219.1
Project("{8BC9CEB8-8B4A-11D0-8D11-00A0C91BC942}") = "Lab_3.33", "Lab_3.33\Lab_3.33.vcxproj", "{E4ED5336-774E-42FD-ABCC-3512752070DA}"
EndProject
Global
	GlobalSection(SolutionConfigurationPlatforms) = preSolution
		Debug|x64 = Debug|x64
		Debug|x86 = Debug|x86
		Release|x64 = Release|x64
		Release|x86 = Release|x86
	EndGlobalSection
	GlobalSection(ProjectConfigurationPlatforms) = postSolution
		{E4ED5336-774E-42FD-ABCC-3512752070DA}.Debug|x64.ActiveCfg = Debug|x64
		{E4ED5336-774E-42FD-ABCC-3512752070DA}.Debug|x64.Build.0 = Debug|x64
		{E4ED5336-774E-42FD-ABCC-3512752070DA}.Debug|x86.ActiveCfg = Debug|Win32
		{E4ED5336-774E-42FD-ABCC-3512752070DA}.Debug|x86.Build.0 = Debug|Win32
		{E4ED5336-774E-42FD-ABCC-3512752070DA}.Release|x64.ActiveCfg = Release|x64
		{E4ED5336-774E-42FD-ABCC-3512752070DA}.Release|x64.Build.0 = Release|x64
		{E4ED5336-774E-42FD-ABCC-3512752070DA}.Release|x86.ActiveCfg = Release|Win32
		{E4ED5336-774E-42FD-ABCC-3512752070DA}.Release|x86.Build.0 = Release|Win32
	EndGlobalSection
	GlobalSection(SolutionProperties) = preSolution
		HideSolutionNode = FALSE
	EndGlobalSection
	GlobalSection(ExtensibilityGlobals) = postSolution
		SolutionGuid = {4790EC2C-9BC3-4DF8-9557-96AC2D0F1609}
	EndGlobalSection
EndGlobal
